
Microsoft Visual Studio Solution File, Format Version 12.00
# Visual Studio 15
VisualStudioVersion = 15.0.28010.2016
MinimumVisualStudioVersion = 10.0.40219.1
Project("{FAE04EC0-301F-11D3-BF4B-00C04F79EFBC}") = "MusicStore", "MusicStore\MusicStore.csproj", "{260A78C2-9DE1-4E79-BC49-615863D401EB}"
EndProject
Global
	GlobalSection(SolutionConfigurationPlatforms) = preSolution
		Debug|Any CPU = Debug|Any CPU
		Release|Any CPU = Release|Any CPU
	EndGlobalSection
	GlobalSection(ProjectConfigurationPlatforms) = postSolution
		{260A78C2-9DE1-4E79-BC49-615863D401EB}.Debug|Any CPU.ActiveCfg = Debug|Any CPU
		{260A78C2-9DE1-4E79-BC49-615863D401EB}.Debug|Any CPU.Build.0 = Debug|Any CPU
		{260A78C2-9DE1-4E79-BC49-615863D401EB}.Release|Any CPU.ActiveCfg = Release|Any CPU
		{260A78C2-9DE1-4E79-BC49-615863D401EB}.Release|Any CPU.Build.0 = Release|Any CPU
	EndGlobalSection
	GlobalSection(SolutionProperties) = preSolution
		HideSolutionNode = FALSE
	EndGlobalSection
	GlobalSection(ExtensibilityGlobals) = postSolution
		SolutionGuid = {AC58FDF6-4E95-4633-8E78-D91B804E8870}
	EndGlobalSection
EndGlobal
